
Microsoft Visual Studio Solution File, Format Version 12.00
# Visual Studio 15
VisualStudioVersion = 15.0.28307.329
MinimumVisualStudioVersion = 10.0.40219.1
Project("{FAE04EC0-301F-11D3-BF4B-00C04F79EFBC}") = "AFSRekrutacja", "AFS-Rekrutacja\AFSRekrutacja.csproj", "{80C18103-2691-4E6E-85C6-6EE6CBD3994F}"
EndProject
Project("{FAE04EC0-301F-11D3-BF4B-00C04F79EFBC}") = "AFSRekrutacjaTest", "AFSRekrutacjaTest\AFSRekrutacjaTest.csproj", "{1A292CFC-4A4B-4963-BD39-C60C9A8EA9A6}"
EndProject
Global
	GlobalSection(SolutionConfigurationPlatforms) = preSolution
		Debug|Any CPU = Debug|Any CPU
		Release|Any CPU = Release|Any CPU
	EndGlobalSection
	GlobalSection(ProjectConfigurationPlatforms) = postSolution
		{80C18103-2691-4E6E-85C6-6EE6CBD3994F}.Debug|Any CPU.ActiveCfg = Debug|Any CPU
		{80C18103-2691-4E6E-85C6-6EE6CBD3994F}.Debug|Any CPU.Build.0 = Debug|Any CPU
		{80C18103-2691-4E6E-85C6-6EE6CBD3994F}.Release|Any CPU.ActiveCfg = Release|Any CPU
		{80C18103-2691-4E6E-85C6-6EE6CBD3994F}.Release|Any CPU.Build.0 = Release|Any CPU
		{1A292CFC-4A4B-4963-BD39-C60C9A8EA9A6}.Debug|Any CPU.ActiveCfg = Debug|Any CPU
		{1A292CFC-4A4B-4963-BD39-C60C9A8EA9A6}.Debug|Any CPU.Build.0 = Debug|Any CPU
		{1A292CFC-4A4B-4963-BD39-C60C9A8EA9A6}.Release|Any CPU.ActiveCfg = Release|Any CPU
		{1A292CFC-4A4B-4963-BD39-C60C9A8EA9A6}.Release|Any CPU.Build.0 = Release|Any CPU
	EndGlobalSection
	GlobalSection(SolutionProperties) = preSolution
		HideSolutionNode = FALSE
	EndGlobalSection
	GlobalSection(ExtensibilityGlobals) = postSolution
		SolutionGuid = {669A381F-D5EC-4050-AF1B-B0E4FBA13F3B}
	EndGlobalSection
EndGlobal
